
Microsoft Visual Studio Solution File, Format Version 12.00
# Visual Studio Version 17
VisualStudioVersion = 17.10.35004.147
MinimumVisualStudioVersion = 10.0.40219.1
Project("{9A19103F-16F7-4668-BE54-9A1E7A4F7556}") = "IV_Mod_Installer", "IV_Mod_Installer.csproj", "{32A63EEE-30D0-4248-8C40-B91AA1F4611D}"
EndProject
Global
	GlobalSection(SolutionConfigurationPlatforms) = preSolution
		Debug|Any CPU = Debug|Any CPU
		Release|Any CPU = Release|Any CPU
	EndGlobalSection
	GlobalSection(ProjectConfigurationPlatforms) = postSolution
		{32A63EEE-30D0-4248-8C40-B91AA1F4611D}.Debug|Any CPU.ActiveCfg = Debug|Any CPU
		{32A63EEE-30D0-4248-8C40-B91AA1F4611D}.Debug|Any CPU.Build.0 = Debug|Any CPU
		{32A63EEE-30D0-4248-8C40-B91AA1F4611D}.Release|Any CPU.ActiveCfg = Release|Any CPU
		{32A63EEE-30D0-4248-8C40-B91AA1F4611D}.Release|Any CPU.Build.0 = Release|Any CPU
	EndGlobalSection
	GlobalSection(SolutionProperties) = preSolution
		HideSolutionNode = FALSE
	EndGlobalSection
	GlobalSection(ExtensibilityGlobals) = postSolution
		SolutionGuid = {B8857FAF-7AE1-4853-A6D0-CF89DC692A07}
	EndGlobalSection
EndGlobal
